Microsoft Visual Studio Solution File, Format Version 12.00
# Visual Studio 2013
VisualStudioVersion = 12.0.30723.0
MinimumVisualStudioVersion = 10.0.40219.1
Project("{FAE04EC0-301F-11D3-BF4B-00C04F79EFBC}") = "FFTWSharp_test", "FFTWtest\FFTWSharp_test.csproj", "{DA20704B-23A7-41A4-B4E2-174A0FED5F3D}"
	ProjectSection(ProjectDependencies) = postProject
		{BEA875B8-E28A-49C5-8E7E-6512DA65F7E1} = {BEA875B8-E28A-49C5-8E7E-6512DA65F7E1}
	EndProjectSection
EndProject
Project("{FAE04EC0-301F-11D3-BF4B-00C04F79EFBC}") = "FFTWSharp", "FFTWSharp\FFTWSharp.csproj", "{BEA875B8-E28A-49C5-8E7E-6512DA65F7E1}"
EndProject
Global
	GlobalSection(SolutionConfigurationPlatforms) = preSolution
		Debug|x64 = Debug|x64
		Debug|x86 = Debug|x86
		Release|x64 = Release|x64
		Release|x86 = Release|x86
	EndGlobalSection
	GlobalSection(ProjectConfigurationPlatforms) = postSolution
		{DA20704B-23A7-41A4-B4E2-174A0FED5F3D}.Debug|x64.ActiveCfg = Debug|x64
		{DA20704B-23A7-41A4-B4E2-174A0FED5F3D}.Debug|x64.Build.0 = Debug|x64
		{DA20704B-23A7-41A4-B4E2-174A0FED5F3D}.Debug|x86.ActiveCfg = Debug|x86
		{DA20704B-23A7-41A4-B4E2-174A0FED5F3D}.Debug|x86.Build.0 = Debug|x86
		{DA20704B-23A7-41A4-B4E2-174A0FED5F3D}.Release|x64.ActiveCfg = Release|x86
		{DA20704B-23A7-41A4-B4E2-174A0FED5F3D}.Release|x86.ActiveCfg = Release|x86
		{DA20704B-23A7-41A4-B4E2-174A0FED5F3D}.Release|x86.Build.0 = Release|x86
		{BEA875B8-E28A-49C5-8E7E-6512DA65F7E1}.Debug|x64.ActiveCfg = Debug|x64
		{BEA875B8-E28A-49C5-8E7E-6512DA65F7E1}.Debug|x64.Build.0 = Debug|x64
		{BEA875B8-E28A-49C5-8E7E-6512DA65F7E1}.Debug|x86.ActiveCfg = Debug|x86
		{BEA875B8-E28A-49C5-8E7E-6512DA65F7E1}.Debug|x86.Build.0 = Debug|x86
		{BEA875B8-E28A-49C5-8E7E-6512DA65F7E1}.Release|x64.ActiveCfg = Release|x64
		{BEA875B8-E28A-49C5-8E7E-6512DA65F7E1}.Release|x64.Build.0 = Release|x64
		{BEA875B8-E28A-49C5-8E7E-6512DA65F7E1}.Release|x86.ActiveCfg = Release|x86
		{BEA875B8-E28A-49C5-8E7E-6512DA65F7E1}.Release|x86.Build.0 = Release|x86
	EndGlobalSection
	GlobalSection(SolutionProperties) = preSolution
		HideSolutionNode = FALSE
	EndGlobalSection
EndGlobal
